
Microsoft Visual Studio Solution File, Format Version 12.00
# Visual Studio Version 16
VisualStudioVersion = 16.0.29519.87
MinimumVisualStudioVersion = 10.0.40219.1
Project("{9A19103F-16F7-4668-BE54-9A1E7A4F7556}") = "Interface", "Noekeon Interface\Interface.csproj", "{87E5E5BE-DA65-412F-9D6F-48F952B7553C}"
EndProject
Project("{FAE04EC0-301F-11D3-BF4B-00C04F79EFBC}") = "RTEA Library", "RTEA Library\RTEA Library.csproj", "{CF99E935-383F-4A6A-AA96-85A8D847C307}"
EndProject
Project("{FAE04EC0-301F-11D3-BF4B-00C04F79EFBC}") = "RTEAUnitTests", "RTEAUnitTests\RTEAUnitTests.csproj", "{06606C70-D14F-40C5-88F3-777861F04114}"
EndProject
Global
	GlobalSection(SolutionConfigurationPlatforms) = preSolution
		Debug|Any CPU = Debug|Any CPU
		Release|Any CPU = Release|Any CPU
	EndGlobalSection
	GlobalSection(ProjectConfigurationPlatforms) = postSolution
		{87E5E5BE-DA65-412F-9D6F-48F952B7553C}.Debug|Any CPU.ActiveCfg = Debug|Any CPU
		{87E5E5BE-DA65-412F-9D6F-48F952B7553C}.Debug|Any CPU.Build.0 = Debug|Any CPU
		{87E5E5BE-DA65-412F-9D6F-48F952B7553C}.Release|Any CPU.ActiveCfg = Release|Any CPU
		{87E5E5BE-DA65-412F-9D6F-48F952B7553C}.Release|Any CPU.Build.0 = Release|Any CPU
		{CF99E935-383F-4A6A-AA96-85A8D847C307}.Debug|Any CPU.ActiveCfg = Debug|Any CPU
		{CF99E935-383F-4A6A-AA96-85A8D847C307}.Debug|Any CPU.Build.0 = Debug|Any CPU
		{CF99E935-383F-4A6A-AA96-85A8D847C307}.Release|Any CPU.ActiveCfg = Release|Any CPU
		{CF99E935-383F-4A6A-AA96-85A8D847C307}.Release|Any CPU.Build.0 = Release|Any CPU
		{06606C70-D14F-40C5-88F3-777861F04114}.Debug|Any CPU.ActiveCfg = Debug|Any CPU
		{06606C70-D14F-40C5-88F3-777861F04114}.Debug|Any CPU.Build.0 = Debug|Any CPU
		{06606C70-D14F-40C5-88F3-777861F04114}.Release|Any CPU.ActiveCfg = Release|Any CPU
		{06606C70-D14F-40C5-88F3-777861F04114}.Release|Any CPU.Build.0 = Release|Any CPU
	EndGlobalSection
	GlobalSection(SolutionProperties) = preSolution
		HideSolutionNode = FALSE
	EndGlobalSection
	GlobalSection(ExtensibilityGlobals) = postSolution
		SolutionGuid = {2438CFE3-478B-46CD-9CE5-1E54269F2401}
	EndGlobalSection
EndGlobal
